
Microsoft Visual Studio Solution File, Format Version 12.00
# Visual Studio Version 16
VisualStudioVersion = 16.0.32126.315
MinimumVisualStudioVersion = 10.0.40219.1
Project("{9A19103F-16F7-4668-BE54-9A1E7A4F7556}") = "Car Class Library", "Car Class Library\Car Class Library.csproj", "{31C2E2BC-3252-4755-AC0C-F209E09EA7FD}"
EndProject
Project("{9A19103F-16F7-4668-BE54-9A1E7A4F7556}") = "Car Class Library Tests", "Car Class LibraryTests\Car Class Library Tests.csproj", "{F2EE6976-8A72-4EC5-A2D2-71BF4786ED3B}"
EndProject
Global
	GlobalSection(SolutionConfigurationPlatforms) = preSolution
		Debug|Any CPU = Debug|Any CPU
		Release|Any CPU = Release|Any CPU
	EndGlobalSection
	GlobalSection(ProjectConfigurationPlatforms) = postSolution
		{31C2E2BC-3252-4755-AC0C-F209E09EA7FD}.Debug|Any CPU.ActiveCfg = Debug|Any CPU
		{31C2E2BC-3252-4755-AC0C-F209E09EA7FD}.Debug|Any CPU.Build.0 = Debug|Any CPU
		{31C2E2BC-3252-4755-AC0C-F209E09EA7FD}.Release|Any CPU.ActiveCfg = Release|Any CPU
		{31C2E2BC-3252-4755-AC0C-F209E09EA7FD}.Release|Any CPU.Build.0 = Release|Any CPU
		{F2EE6976-8A72-4EC5-A2D2-71BF4786ED3B}.Debug|Any CPU.ActiveCfg = Debug|Any CPU
		{F2EE6976-8A72-4EC5-A2D2-71BF4786ED3B}.Debug|Any CPU.Build.0 = Debug|Any CPU
		{F2EE6976-8A72-4EC5-A2D2-71BF4786ED3B}.Release|Any CPU.ActiveCfg = Release|Any CPU
		{F2EE6976-8A72-4EC5-A2D2-71BF4786ED3B}.Release|Any CPU.Build.0 = Release|Any CPU
	EndGlobalSection
	GlobalSection(SolutionProperties) = preSolution
		HideSolutionNode = FALSE
	EndGlobalSection
	GlobalSection(ExtensibilityGlobals) = postSolution
		SolutionGuid = {2BB4934F-1840-41B2-8BA8-B6178450A0A1}
	EndGlobalSection
EndGlobal
